PODS:
  - KIF (3.6.0):
    - KIF/Core (= 3.6.0)
  - KIF/Core (3.6.0)
  - KIF/IdentifierTests (3.6.0):
    - KIF/Core

DEPENDENCIES:
  - KIF
  - KIF/IdentifierTests

SPEC CHECKSUMS:
  KIF: bd770edd8ce49bc7308501e4871e58a02d137be3

PODFILE CHECKSUM: 59dd7bf219a2e3f52de7d1358cb2ee9f10dd7125

COCOAPODS: 1.4.0
