// !$*UTF8*$!
{
	archiveVersion = 1;
	classes = {
	};
	objectVersion = 46;
	objects = {

/* Begin PBXBuildFile section */
		93021A0119F0F3670065B144 /* main.m in Sources */ = {isa = PBXBuildFile; fileRef = 93021A0019F0F3670065B144 /* main.m */; };
		93021A0419F0F3670065B144 /* AppDelegate.m in Sources */ = {isa = PBXBuildFile; fileRef = 93021A0319F0F3670065B144 /* AppDelegate.m */; };
		93021A0719F0F3670065B144 /* ViewController.m in Sources */ = {isa = PBXBuildFile; fileRef = 93021A0619F0F3670065B144 /* ViewController.m */; };
		93021A0A19F0F3670065B144 /* Main.storyboard in Resources */ = {isa = PBXBuildFile; fileRef = 93021A0819F0F3670065B144 /* Main.storyboard */; };
		93021A0C19F0F3670065B144 /* Images.xcassets in Resources */ = {isa = PBXBuildFile; fileRef = 93021A0B19F0F3670065B144 /* Images.xcassets */; };
		93021A0F19F0F3670065B144 /* LaunchScreen.xib in Resources */ = {isa = PBXBuildFile; fileRef = 93021A0D19F0F3670065B144 /* LaunchScreen.xib */; };
		93021A1B19F0F3670065B144 /* STATextFieldTests.m in Sources */ = {isa = PBXBuildFile; fileRef = 93021A1A19F0F3670065B144 /* STATextFieldTests.m */; };
/* End PBXBuildFile section */

/* Begin PBXContainerItemProxy section */
		93021A1519F0F3670065B144 /* PBXContainerItemProxy */ = {
			isa = PBXContainerItemProxy;
			containerPortal = 930219F319F0F3670065B144 /* Project object */;
			proxyType = 1;
			remoteGlobalIDString = 930219FA19F0F3670065B144;
			remoteInfo = STATextField;
		};
/* End PBXContainerItemProxy section */

/* Begin PBXFileReference section */
		930219FB19F0F3670065B144 /* STATextField.app */ = {isa = PBXFileReference; explicitFileType = wrapper.application; includeInIndex = 0; path = STATextField.app; sourceTree = BUILT_PRODUCTS_DIR; };
		930219FF19F0F3670065B144 /* Info.plist */ = {isa = PBXFileReference; lastKnownFileType = text.plist.xml; path = Info.plist; sourceTree = "<group>"; };
		93021A0019F0F3670065B144 /* main.m */ = {isa = PBXFileReference; lastKnownFileType = sourcecode.c.objc; path = main.m; sourceTree = "<group>"; };
		93021A0219F0F3670065B144 /* AppDelegate.h */ = {isa = PBXFileReference; lastKnownFileType = sourcecode.c.h; path = AppDelegate.h; sourceTree = "<group>"; };
		93021A0319F0F3670065B144 /* AppDelegate.m */ = {isa = PBXFileReference; lastKnownFileType = sourcecode.c.objc; path = AppDelegate.m; sourceTree = "<group>"; };
		93021A0519F0F3670065B144 /* ViewController.h */ = {isa = PBXFileReference; lastKnownFileType = sourcecode.c.h; path = ViewController.h; sourceTree = "<group>"; };
		93021A0619F0F3670065B144 /* ViewController.m */ = {isa = PBXFileReference; lastKnownFileType = sourcecode.c.objc; path = ViewController.m; sourceTree = "<group>"; };
		93021A0919F0F3670065B144 /* Base */ = {isa = PBXFileReference; lastKnownFileType = file.storyboard; name = Base; path = Base.lproj/Main.storyboard; sourceTree = "<group>"; };
		93021A0B19F0F3670065B144 /* Images.xcassets */ = {isa = PBXFileReference; lastKnownFileType = folder.assetcatalog; path = Images.xcassets; sourceTree = "<group>"; };
		93021A0E19F0F3670065B144 /* Base */ = {isa = PBXFileReference; lastKnownFileType = file.xib; name = Base; path = Base.lproj/LaunchScreen.xib; sourceTree = "<group>"; };
		93021A1419F0F3670065B144 /* STATextFieldTests.xctest */ = {isa = PBXFileReference; explicitFileType = wrapper.cfbundle; includeInIndex = 0; path = STATextFieldTests.xctest; sourceTree = BUILT_PRODUCTS_DIR; };
		93021A1919F0F3670065B144 /* Info.plist */ = {isa = PBXFileReference; lastKnownFileType = text.plist.xml; path = Info.plist; sourceTree = "<group>"; };
		93021A1A19F0F3670065B144 /* STATextFieldTests.m */ = {isa = PBXFileReference; lastKnownFileType = sourcecode.c.objc; path = STATextFieldTests.m; sourceTree = "<group>"; };
/* End PBXFileReference section */

/* Begin PBXFrameworksBuildPhase section */
		930219F819F0F3670065B144 /* Frameworks */ = {
			isa = PBXFrameworksBuildPhase;
			buildActionMask = 2147483647;
			files = (
			);
			runOnlyForDeploymentPostprocessing = 0;
		};
		93021A1119F0F3670065B144 /* Frameworks */ = {
			isa = PBXFrameworksBuildPhase;
			buildActionMask = 2147483647;
			files = (
			);
			runOnlyForDeploymentPostprocessing = 0;
		};
/* End PBXFrameworksBuildPhase section */

/* Begin PBXGroup section */
		930219F219F0F3670065B144 = {
			isa = PBXGroup;
			children = (
				930219FD19F0F3670065B144 /* STATextField */,
				93021A1719F0F3670065B144 /* STATextFieldTests */,
				930219FC19F0F3670065B144 /* Products */,
			);
			sourceTree = "<group>";
		};
		930219FC19F0F3670065B144 /* Products */ = {
			isa = PBXGroup;
			children = (
				930219FB19F0F3670065B144 /* STATextField.app */,
				93021A1419F0F3670065B144 /* STATextFieldTests.xctest */,
			);
			name = Products;
			sourceTree = "<group>";
		};
		930219FD19F0F3670065B144 /* STATextField */ = {
			isa = PBXGroup;
			children = (
				93021A0219F0F3670065B144 /* AppDelegate.h */,
				93021A0319F0F3670065B144 /* AppDelegate.m */,
				93021A0519F0F3670065B144 /* ViewController.h */,
				93021A0619F0F3670065B144 /* ViewController.m */,
				93021A0819F0F3670065B144 /* Main.storyboard */,
				93021A0B19F0F3670065B144 /* Images.xcassets */,
				93021A0D19F0F3670065B144 /* LaunchScreen.xib */,
				930219FE19F0F3670065B144 /* Supporting Files */,
			);
			path = STATextField;
			sourceTree = "<group>";
		};
		930219FE19F0F3670065B144 /* Supporting Files */ = {
			isa = PBXGroup;
			children = (
				930219FF19F0F3670065B144 /* Info.plist */,
				93021A0019F0F3670065B144 /* main.m */,
			);
			name = "Supporting Files";
			sourceTree = "<group>";
		};
		93021A1719F0F3670065B144 /* STATextFieldTests */ = {
			isa = PBXGroup;
			children = (
				93021A1A19F0F3670065B144 /* STATextFieldTests.m */,
				93021A1819F0F3670065B144 /* Supporting Files */,
			);
			path = STATextFieldTests;
			sourceTree = "<group>";
		};
		93021A1819F0F3670065B144 /* Supporting Files */ = {
			isa = PBXGroup;
			children = (
				93021A1919F0F3670065B144 /* Info.plist */,
			);
			name = "Supporting Files";
			sourceTree = "<group>";
		};
/* End PBXGroup section */

/* Begin PBXNativeTarget section */
		930219FA19F0F3670065B144 /* STATextField */ = {
			isa = PBXNativeTarget;
			buildConfigurationList = 93021A1E19F0F3670065B144 /* Build configuration list for PBXNativeTarget "STATextField" */;
			buildPhases = (
				930219F719F0F3670065B144 /* Sources */,
				930219F819F0F3670065B144 /* Frameworks */,
				930219F919F0F3670065B144 /* Resources */,
			);
			buildRules = (
			);
			dependencies = (
			);
			name = STATextField;
			productName = STATextField;
			productReference = 930219FB19F0F3670065B144 /* STATextField.app */;
			productType = "com.apple.product-type.application";
		};
		93021A1319F0F3670065B144 /* STATextFieldTests */ = {
			isa = PBXNativeTarget;
			buildConfigurationList = 93021A2119F0F3670065B144 /* Build configuration list for PBXNativeTarget "STATextFieldTests" */;
			buildPhases = (
				93021A1019F0F3670065B144 /* Sources */,
				93021A1119F0F3670065B144 /* Frameworks */,
				93021A1219F0F3670065B144 /* Resources */,
			);
			buildRules = (
			);
			dependencies = (
				93021A1619F0F3670065B144 /* PBXTargetDependency */,
			);
			name = STATextFieldTests;
			productName = STATextFieldTests;
			productReference = 93021A1419F0F3670065B144 /* STATextFieldTests.xctest */;
			productType = "com.apple.product-type.bundle.unit-test";
		};
/* End PBXNativeTarget section */

/* Begin PBXProject section */
		930219F319F0F3670065B144 /* Project object */ = {
			isa = PBXProject;
			attributes = {
				LastUpgradeCheck = 0600;
				ORGANIZATIONNAME = "Aaron Jubbal";
				TargetAttributes = {
					930219FA19F0F3670065B144 = {
						CreatedOnToolsVersion = 6.0.1;
					};
					93021A1319F0F3670065B144 = {
						CreatedOnToolsVersion = 6.0.1;
						TestTargetID = 930219FA19F0F3670065B144;
					};
				};
			};
			buildConfigurationList = 930219F619F0F3670065B144 /* Build configuration list for PBXProject "STATextField" */;
			compatibilityVersion = "Xcode 3.2";
			developmentRegion = English;
			hasScannedForEncodings = 0;
			knownRegions = (
				en,
				Base,
			);
			mainGroup = 930219F219F0F3670065B144;
			productRefGroup = 930219FC19F0F3670065B144 /* Products */;
			projectDirPath = "";
			projectRoot = "";
			targets = (
				930219FA19F0F3670065B144 /* STATextField */,
				93021A1319F0F3670065B144 /* STATextFieldTests */,
			);
		};
/* End PBXProject section */

/* Begin PBXResourcesBuildPhase section */
		930219F919F0F3670065B144 /* Resources */ = {
			isa = PBXResourcesBuildPhase;
			buildActionMask = 2147483647;
			files = (
				93021A0A19F0F3670065B144 /* Main.storyboard in Resources */,
				93021A0F19F0F3670065B144 /* LaunchScreen.xib in Resources */,
				93021A0C19F0F3670065B144 /* Images.xcassets in Resources */,
			);
			runOnlyForDeploymentPostprocessing = 0;
		};
		93021A1219F0F3670065B144 /* Resources */ = {
			isa = PBXResourcesBuildPhase;
			buildActionMask = 2147483647;
			files = (
			);
			runOnlyForDeploymentPostprocessing = 0;
		};
/* End PBXResourcesBuildPhase section */

/* Begin PBXSourcesBuildPhase section */
		930219F719F0F3670065B144 /* Sources */ = {
			isa = PBXSourcesBuildPhase;
			buildActionMask = 2147483647;
			files = (
				93021A0719F0F3670065B144 /* ViewController.m in Sources */,
				93021A0419F0F3670065B144 /* AppDelegate.m in Sources */,
				93021A0119F0F3670065B144 /* main.m in Sources */,
			);
			runOnlyForDeploymentPostprocessing = 0;
		};
		93021A1019F0F3670065B144 /* Sources */ = {
			isa = PBXSourcesBuildPhase;
			buildActionMask = 2147483647;
			files = (
				93021A1B19F0F3670065B144 /* STATextFieldTests.m in Sources */,
			);
			runOnlyForDeploymentPostprocessing = 0;
		};
/* End PBXSourcesBuildPhase section */

/* Begin PBXTargetDependency section */
		93021A1619F0F3670065B144 /* PBXTargetDependency */ = {
			isa = PBXTargetDependency;
			target = 930219FA19F0F3670065B144 /* STATextField */;
			targetProxy = 93021A1519F0F3670065B144 /* PBXContainerItemProxy */;
		};
/* End PBXTargetDependency section */

/* Begin PBXVariantGroup section */
		93021A0819F0F3670065B144 /* Main.storyboard */ = {
			isa = PBXVariantGroup;
			children = (
				93021A0919F0F3670065B144 /* Base */,
			);
			name = Main.storyboard;
			sourceTree = "<group>";
		};
		93021A0D19F0F3670065B144 /* LaunchScreen.xib */ = {
			isa = PBXVariantGroup;
			children = (
				93021A0E19F0F3670065B144 /* Base */,
			);
			name = LaunchScreen.xib;
			sourceTree = "<group>";
		};
/* End PBXVariantGroup section */

/* Begin XCBuildConfiguration section */
		93021A1C19F0F3670065B144 /* Debug */ = {
			isa = XCBuildConfiguration;
			buildSettings = {
				ALWAYS_SEARCH_USER_PATHS = NO;
				CLANG_CXX_LANGUAGE_STANDARD = "gnu++0x";
				CLANG_CXX_LIBRARY = "libc++";
				CLANG_ENABLE_MODULES = YES;
				CLANG_ENABLE_OBJC_ARC = YES;
				CLANG_WARN_BOOL_CONVERSION = YES;
				CLANG_WARN_CONSTANT_CONVERSION = YES;
				CLANG_WARN_DIRECT_OBJC_ISA_USAGE = YES_ERROR;
				CLANG_WARN_EMPTY_BODY = YES;
				CLANG_WARN_ENUM_CONVERSION = YES;
				CLANG_WARN_INT_CONVERSION = YES;
				CLANG_WARN_OBJC_ROOT_CLASS = YES_ERROR;
				CLANG_WARN_UNREACHABLE_CODE = YES;
				CLANG_WARN__DUPLICATE_METHOD_MATCH = YES;
				"CODE_SIGN_IDENTITY[sdk=iphoneos*]" = "iPhone Developer";
				COPY_PHASE_STRIP = NO;
				ENABLE_STRICT_OBJC_MSGSEND = YES;
				GCC_C_LANGUAGE_STANDARD = gnu99;
				GCC_DYNAMIC_NO_PIC = NO;
				GCC_OPTIMIZATION_LEVEL = 0;
				GCC_PREPROCESSOR_DEFINITIONS = (
					"DEBUG=1",
					"$(inherited)",
				);
				GCC_SYMBOLS_PRIVATE_EXTERN = NO;
				GCC_WARN_64_TO_32_BIT_CONVERSION = YES;
				GCC_WARN_ABOUT_RETURN_TYPE = YES_ERROR;
				GCC_WARN_UNDECLARED_SELECTOR = YES;
				GCC_WARN_UNINITIALIZED_AUTOS = YES_AGGRESSIVE;
				GCC_WARN_UNUSED_FUNCTION = YES;
				GCC_WARN_UNUSED_VARIABLE = YES;
				IPHONEOS_DEPLOYMENT_TARGET = 8.0;
				MTL_ENABLE_DEBUG_INFO = YES;
				ONLY_ACTIVE_ARCH = YES;
				SDKROOT = iphoneos;
				TARGETED_DEVICE_FAMILY = "1,2";
			};
			name = Debug;
		};
		93021A1D19F0F3670065B144 /* Release */ = {
			isa = XCBuildConfiguration;
			buildSettings = {
				ALWAYS_SEARCH_USER_PATHS = NO;
				CLANG_CXX_LANGUAGE_STANDARD = "gnu++0x";
				CLANG_CXX_LIBRARY = "libc++";
				CLANG_ENABLE_MODULES = YES;
				CLANG_ENABLE_OBJC_ARC = YES;
				CLANG_WARN_BOOL_CONVERSION = YES;
				CLANG_WARN_CONSTANT_CONVERSION = YES;
				CLANG_WARN_DIRECT_OBJC_ISA_USAGE = YES_ERROR;
				CLANG_WARN_EMPTY_BODY = YES;
				CLANG_WARN_ENUM_CONVERSION = YES;
				CLANG_WARN_INT_CONVERSION = YES;
				CLANG_WARN_OBJC_ROOT_CLASS = YES_ERROR;
				CLANG_WARN_UNREACHABLE_CODE = YES;
				CLANG_WARN__DUPLICATE_METHOD_MATCH = YES;
				"CODE_SIGN_IDENTITY[sdk=iphoneos*]" = "iPhone Developer";
				COPY_PHASE_STRIP = YES;
				ENABLE_NS_ASSERTIONS = NO;
				ENABLE_STRICT_OBJC_MSGSEND = YES;
				GCC_C_LANGUAGE_STANDARD = gnu99;
				GCC_WARN_64_TO_32_BIT_CONVERSION = YES;
				GCC_WARN_ABOUT_RETURN_TYPE = YES_ERROR;
				GCC_WARN_UNDECLARED_SELECTOR = YES;
				GCC_WARN_UNINITIALIZED_AUTOS = YES_AGGRESSIVE;
				GCC_WARN_UNUSED_FUNCTION = YES;
				GCC_WARN_UNUSED_VARIABLE = YES;
				IPHONEOS_DEPLOYMENT_TARGET = 8.0;
				MTL_ENABLE_DEBUG_INFO = NO;
				SDKROOT = iphoneos;
				TARGETED_DEVICE_FAMILY = "1,2";
				VALIDATE_PRODUCT = YES;
			};
			name = Release;
		};
		93021A1F19F0F3670065B144 /* Debug */ = {
			isa = XCBuildConfiguration;
			buildSettings = {
				ASSETCATALOG_COMPILER_APPICON_NAME = AppIcon;
				INFOPLIST_FILE = STATextField/Info.plist;
				LD_RUNPATH_SEARCH_PATHS = "$(inherited) @executable_path/Frameworks";
				PRODUCT_NAME = "$(TARGET_NAME)";
			};
			name = Debug;
		};
		93021A2019F0F3670065B144 /* Release */ = {
			isa = XCBuildConfiguration;
			buildSettings = {
				ASSETCATALOG_COMPILER_APPICON_NAME = AppIcon;
				INFOPLIST_FILE = STATextField/Info.plist;
				LD_RUNPATH_SEARCH_PATHS = "$(inherited) @executable_path/Frameworks";
				PRODUCT_NAME = "$(TARGET_NAME)";
			};
			name = Release;
		};
		93021A2219F0F3670065B144 /* Debug */ = {
			isa = XCBuildConfiguration;
			buildSettings = {
				BUNDLE_LOADER = "$(TEST_HOST)";
				FRAMEWORK_SEARCH_PATHS = (
					"$(SDKROOT)/Developer/Library/Frameworks",
					"$(inherited)",
				);
				GCC_PREPROCESSOR_DEFINITIONS = (
					"DEBUG=1",
					"$(inherited)",
				);
				INFOPLIST_FILE = STATextFieldTests/Info.plist;
				LD_RUNPATH_SEARCH_PATHS = "$(inherited) @executable_path/Frameworks @loader_path/Frameworks";
				PRODUCT_NAME = "$(TARGET_NAME)";
				TEST_HOST = "$(BUILT_PRODUCTS_DIR)/STATextField.app/STATextField";
			};
			name = Debug;
		};
		93021A2319F0F3670065B144 /* Release */ = {
			isa = XCBuildConfiguration;
			buildSettings = {
				BUNDLE_LOADER = "$(TEST_HOST)";
				FRAMEWORK_SEARCH_PATHS = (
					"$(SDKROOT)/Developer/Library/Frameworks",
					"$(inherited)",
				);
				INFOPLIST_FILE = STATextFieldTests/Info.plist;
				LD_RUNPATH_SEARCH_PATHS = "$(inherited) @executable_path/Frameworks @loader_path/Frameworks";
				PRODUCT_NAME = "$(TARGET_NAME)";
				TEST_HOST = "$(BUILT_PRODUCTS_DIR)/STATextField.app/STATextField";
			};
			name = Release;
		};
/* End XCBuildConfiguration section */

/* Begin XCConfigurationList section */
		930219F619F0F3670065B144 /* Build configuration list for PBXProject "STATextField" */ = {
			isa = XCConfigurationList;
			buildConfigurations = (
				93021A1C19F0F3670065B144 /* Debug */,
				93021A1D19F0F3670065B144 /* Release */,
			);
			defaultConfigurationIsVisible = 0;
			defaultConfigurationName = Release;
		};
		93021A1E19F0F3670065B144 /* Build configuration list for PBXNativeTarget "STATextField" */ = {
			isa = XCConfigurationList;
			buildConfigurations = (
				93021A1F19F0F3670065B144 /* Debug */,
				93021A2019F0F3670065B144 /* Release */,
			);
			defaultConfigurationIsVisible = 0;
		};
		93021A2119F0F3670065B144 /* Build configuration list for PBXNativeTarget "STATextFieldTests" */ = {
			isa = XCConfigurationList;
			buildConfigurations = (
				93021A2219F0F3670065B144 /* Debug */,
				93021A2319F0F3670065B144 /* Release */,
			);
			defaultConfigurationIsVisible = 0;
		};
/* End XCConfigurationList section */
	};
	rootObject = 930219F319F0F3670065B144 /* Project object */;
}
