// !$*UTF8*$!
{
	archiveVersion = 1;
	classes = {
	};
	objectVersion = 46;
	objects = {

/* Begin PBXBuildFile section */
		06455B5E8FB37EB009B44709 /* libPods-STATextFieldTests.a in Frameworks */ = {isa = PBXBuildFile; fileRef = 4DB69C93E87FA4E4906D0C87 /* libPods-STATextFieldTests.a */; };
		93021A1B19F0F3670065B144 /* STATextFieldTests.m in Sources */ = {isa = PBXBuildFile; fileRef = 93021A1A19F0F3670065B144 /* STATextFieldTests.m */; };
		93021A3019F0F7A50065B144 /* AppDelegate.m in Sources */ = {isa = PBXBuildFile; fileRef = 93021A2619F0F7A50065B144 /* AppDelegate.m */; };
		93021A3119F0F7A50065B144 /* LaunchScreen.xib in Resources */ = {isa = PBXBuildFile; fileRef = 93021A2719F0F7A50065B144 /* LaunchScreen.xib */; };
		93021A3219F0F7A50065B144 /* Main.storyboard in Resources */ = {isa = PBXBuildFile; fileRef = 93021A2919F0F7A50065B144 /* Main.storyboard */; };
		93021A3319F0F7A50065B144 /* Images.xcassets in Resources */ = {isa = PBXBuildFile; fileRef = 93021A2B19F0F7A50065B144 /* Images.xcassets */; };
		93021A3419F0F7A50065B144 /* Info.plist in Resources */ = {isa = PBXBuildFile; fileRef = 93021A2C19F0F7A50065B144 /* Info.plist */; };
		93021A3519F0F7A50065B144 /* main.m in Sources */ = {isa = PBXBuildFile; fileRef = 93021A2D19F0F7A50065B144 /* main.m */; };
		93021A3619F0F7A50065B144 /* ViewController.m in Sources */ = {isa = PBXBuildFile; fileRef = 93021A2F19F0F7A50065B144 /* ViewController.m */; };
		93021A3A19F0F8880065B144 /* STATextField.m in Sources */ = {isa = PBXBuildFile; fileRef = 93021A3919F0F8880065B144 /* STATextField.m */; };
		93021A3D19F118EC0065B144 /* STATextField+PrivateHeaders.m in Sources */ = {isa = PBXBuildFile; fileRef = 93021A3C19F118EC0065B144 /* STATextField+PrivateHeaders.m */; };
		93048CED1A18AB9800DCE5DC /* STADateField.m in Sources */ = {isa = PBXBuildFile; fileRef = 93048CEC1A18AB9800DCE5DC /* STADateField.m */; };
		9305C73619FA46C40040BF8A /* STATextFieldUtility.m in Sources */ = {isa = PBXBuildFile; fileRef = 9305C73519FA46C40040BF8A /* STATextFieldUtility.m */; };
		9305C73919FA4D090040BF8A /* NSString+STATextField.m in Sources */ = {isa = PBXBuildFile; fileRef = 9305C73819FA4D090040BF8A /* NSString+STATextField.m */; };
		93A9979319F4F6A700DB1678 /* STAATMTextField.m in Sources */ = {isa = PBXBuildFile; fileRef = 93A9979219F4F6A700DB1678 /* STAATMTextField.m */; };
		93AF8E421A201CFF00D0C9C0 /* STATextView.m in Sources */ = {isa = PBXBuildFile; fileRef = 93AF8E411A201CFF00D0C9C0 /* STATextView.m */; };
		93B72AD31A2217660007100A /* STATextViewBase.m in Sources */ = {isa = PBXBuildFile; fileRef = 93B72AD21A2217660007100A /* STATextViewBase.m */; };
		93B72AD91A2218B50007100A /* STATextViewBase+PrivateHeaders.m in Sources */ = {isa = PBXBuildFile; fileRef = 93B72AD81A2218B50007100A /* STATextViewBase+PrivateHeaders.m */; };
/* End PBXBuildFile section */

/* Begin PBXContainerItemProxy section */
		93021A1519F0F3670065B144 /* PBXContainerItemProxy */ = {
			isa = PBXContainerItemProxy;
			containerPortal = 930219F319F0F3670065B144 /* Project object */;
			proxyType = 1;
			remoteGlobalIDString = 930219FA19F0F3670065B144;
			remoteInfo = STATextField;
		};
/* End PBXContainerItemProxy section */

/* Begin PBXFileReference section */
		4DB69C93E87FA4E4906D0C87 /* libPods-STATextFieldTests.a */ = {isa = PBXFileReference; explicitFileType = archive.ar; includeInIndex = 0; path = "libPods-STATextFieldTests.a"; sourceTree = BUILT_PRODUCTS_DIR; };
		930219FB19F0F3670065B144 /* STATextField.app */ = {isa = PBXFileReference; explicitFileType = wrapper.application; includeInIndex = 0; path = STATextField.app; sourceTree = BUILT_PRODUCTS_DIR; };
		93021A1419F0F3670065B144 /* STATextFieldTests.xctest */ = {isa = PBXFileReference; explicitFileType = wrapper.cfbundle; includeInIndex = 0; path = STATextFieldTests.xctest; sourceTree = BUILT_PRODUCTS_DIR; };
		93021A1919F0F3670065B144 /* Info.plist */ = {isa = PBXFileReference; lastKnownFileType = text.plist.xml; path = Info.plist; sourceTree = "<group>"; };
		93021A1A19F0F3670065B144 /* STATextFieldTests.m */ = {isa = PBXFileReference; lastKnownFileType = sourcecode.c.objc; path = STATextFieldTests.m; sourceTree = "<group>"; };
		93021A2519F0F7A50065B144 /* AppDelegate.h */ = {isa = PBXFileReference; fileEncoding = 4; lastKnownFileType = sourcecode.c.h; path = AppDelegate.h; sourceTree = "<group>"; };
		93021A2619F0F7A50065B144 /* AppDelegate.m */ = {isa = PBXFileReference; fileEncoding = 4; lastKnownFileType = sourcecode.c.objc; path = AppDelegate.m; sourceTree = "<group>"; };
		93021A2819F0F7A50065B144 /* Base */ = {isa = PBXFileReference; lastKnownFileType = file.xib; name = Base; path = Base.lproj/LaunchScreen.xib; sourceTree = "<group>"; };
		93021A2A19F0F7A50065B144 /* Base */ = {isa = PBXFileReference; lastKnownFileType = file.storyboard; name = Base; path = Base.lproj/Main.storyboard; sourceTree = "<group>"; };
		93021A2B19F0F7A50065B144 /* Images.xcassets */ = {isa = PBXFileReference; lastKnownFileType = folder.assetcatalog; path = Images.xcassets; sourceTree = "<group>"; };
		93021A2C19F0F7A50065B144 /* Info.plist */ = {isa = PBXFileReference; fileEncoding = 4; lastKnownFileType = text.plist.xml; path = Info.plist; sourceTree = "<group>"; };
		93021A2D19F0F7A50065B144 /* main.m */ = {isa = PBXFileReference; fileEncoding = 4; lastKnownFileType = sourcecode.c.objc; path = main.m; sourceTree = "<group>"; };
		93021A2E19F0F7A50065B144 /* ViewController.h */ = {isa = PBXFileReference; fileEncoding = 4; lastKnownFileType = sourcecode.c.h; path = ViewController.h; sourceTree = "<group>"; };
		93021A2F19F0F7A50065B144 /* ViewController.m */ = {isa = PBXFileReference; fileEncoding = 4; lastKnownFileType = sourcecode.c.objc; path = ViewController.m; sourceTree = "<group>"; };
		93021A3819F0F8880065B144 /* STATextField.h */ = {isa = PBXFileReference; fileEncoding = 4; lastKnownFileType = sourcecode.c.h; path = STATextField.h; sourceTree = "<group>"; };
		93021A3919F0F8880065B144 /* STATextField.m */ = {isa = PBXFileReference; fileEncoding = 4; lastKnownFileType = sourcecode.c.objc; path = STATextField.m; sourceTree = "<group>"; };
		93021A3B19F118EC0065B144 /* STATextField+PrivateHeaders.h */ = {isa = PBXFileReference; fileEncoding = 4; lastKnownFileType = sourcecode.c.h; path = "STATextField+PrivateHeaders.h"; sourceTree = "<group>"; };
		93021A3C19F118EC0065B144 /* STATextField+PrivateHeaders.m */ = {isa = PBXFileReference; fileEncoding = 4; lastKnownFileType = sourcecode.c.objc; path = "STATextField+PrivateHeaders.m"; sourceTree = "<group>"; };
		93048CEB1A18AB9800DCE5DC /* STADateField.h */ = {isa = PBXFileReference; fileEncoding = 4; lastKnownFileType = sourcecode.c.h; path = STADateField.h; sourceTree = "<group>"; };
		93048CEC1A18AB9800DCE5DC /* STADateField.m */ = {isa = PBXFileReference; fileEncoding = 4; lastKnownFileType = sourcecode.c.objc; path = STADateField.m; sourceTree = "<group>"; };
		9305C73419FA46C40040BF8A /* STATextFieldUtility.h */ = {isa = PBXFileReference; fileEncoding = 4; lastKnownFileType = sourcecode.c.h; path = STATextFieldUtility.h; sourceTree = "<group>"; };
		9305C73519FA46C40040BF8A /* STATextFieldUtility.m */ = {isa = PBXFileReference; fileEncoding = 4; lastKnownFileType = sourcecode.c.objc; path = STATextFieldUtility.m; sourceTree = "<group>"; };
		9305C73719FA4D090040BF8A /* NSString+STATextField.h */ = {isa = PBXFileReference; fileEncoding = 4; lastKnownFileType = sourcecode.c.h; path = "NSString+STATextField.h"; sourceTree = "<group>"; };
		9305C73819FA4D090040BF8A /* NSString+STATextField.m */ = {isa = PBXFileReference; fileEncoding = 4; lastKnownFileType = sourcecode.c.objc; path = "NSString+STATextField.m"; sourceTree = "<group>"; };
		93A9979119F4F6A700DB1678 /* STAATMTextField.h */ = {isa = PBXFileReference; fileEncoding = 4; lastKnownFileType = sourcecode.c.h; path = STAATMTextField.h; sourceTree = "<group>"; };
		93A9979219F4F6A700DB1678 /* STAATMTextField.m */ = {isa = PBXFileReference; fileEncoding = 4; lastKnownFileType = sourcecode.c.objc; path = STAATMTextField.m; sourceTree = "<group>"; };
		93AF8E401A201CFF00D0C9C0 /* STATextView.h */ = {isa = PBXFileReference; fileEncoding = 4; lastKnownFileType = sourcecode.c.h; path = STATextView.h; sourceTree = "<group>"; };
		93AF8E411A201CFF00D0C9C0 /* STATextView.m */ = {isa = PBXFileReference; fileEncoding = 4; lastKnownFileType = sourcecode.c.objc; path = STATextView.m; sourceTree = "<group>"; };
		93B72AD11A2217660007100A /* STATextViewBase.h */ = {isa = PBXFileReference; fileEncoding = 4; lastKnownFileType = sourcecode.c.h; path = STATextViewBase.h; sourceTree = "<group>"; };
		93B72AD21A2217660007100A /* STATextViewBase.m */ = {isa = PBXFileReference; fileEncoding = 4; lastKnownFileType = sourcecode.c.objc; path = STATextViewBase.m; sourceTree = "<group>"; };
		93B72AD71A2218B50007100A /* STATextViewBase+PrivateHeaders.h */ = {isa = PBXFileReference; fileEncoding = 4; lastKnownFileType = sourcecode.c.h; path = "STATextViewBase+PrivateHeaders.h"; sourceTree = "<group>"; };
		93B72AD81A2218B50007100A /* STATextViewBase+PrivateHeaders.m */ = {isa = PBXFileReference; fileEncoding = 4; lastKnownFileType = sourcecode.c.objc; path = "STATextViewBase+PrivateHeaders.m"; sourceTree = "<group>"; };
		A5FAFFD39F9AD1892CBA12CB /* Pods.debug.xcconfig */ = {isa = PBXFileReference; includeInIndex = 1; lastKnownFileType = text.xcconfig; name = Pods.debug.xcconfig; path = "Pods/Target Support Files/Pods/Pods.debug.xcconfig"; sourceTree = "<group>"; };
		AF7678045F1F8459FB61CEEA /* Pods.release.xcconfig */ = {isa = PBXFileReference; includeInIndex = 1; lastKnownFileType = text.xcconfig; name = Pods.release.xcconfig; path = "Pods/Target Support Files/Pods/Pods.release.xcconfig"; sourceTree = "<group>"; };
		B6EC54A452CEF08E418A3085 /* libPods.a */ = {isa = PBXFileReference; explicitFileType = archive.ar; includeInIndex = 0; path = libPods.a; sourceTree = BUILT_PRODUCTS_DIR; };
		DD50B9A22117989EFB42065D /* Pods-STATextFieldTests.debug.xcconfig */ = {isa = PBXFileReference; includeInIndex = 1; lastKnownFileType = text.xcconfig; name = "Pods-STATextFieldTests.debug.xcconfig"; path = "Pods/Target Support Files/Pods-STATextFieldTests/Pods-STATextFieldTests.debug.xcconfig"; sourceTree = "<group>"; };
		FC6432355D2E4CF2D56CB41E /* Pods-STATextFieldTests.release.xcconfig */ = {isa = PBXFileReference; includeInIndex = 1; lastKnownFileType = text.xcconfig; name = "Pods-STATextFieldTests.release.xcconfig"; path = "Pods/Target Support Files/Pods-STATextFieldTests/Pods-STATextFieldTests.release.xcconfig"; sourceTree = "<group>"; };
/* End PBXFileReference section */

/* Begin PBXFrameworksBuildPhase section */
		930219F819F0F3670065B144 /* Frameworks */ = {
			isa = PBXFrameworksBuildPhase;
			buildActionMask = 2147483647;
			files = (
			);
			runOnlyForDeploymentPostprocessing = 0;
		};
		93021A1119F0F3670065B144 /* Frameworks */ = {
			isa = PBXFrameworksBuildPhase;
			buildActionMask = 2147483647;
			files = (
				06455B5E8FB37EB009B44709 /* libPods-STATextFieldTests.a in Frameworks */,
			);
			runOnlyForDeploymentPostprocessing = 0;
		};
/* End PBXFrameworksBuildPhase section */

/* Begin PBXGroup section */
		39C257CD713E7FBC0BA7AAEE /* Frameworks */ = {
			isa = PBXGroup;
			children = (
				B6EC54A452CEF08E418A3085 /* libPods.a */,
				4DB69C93E87FA4E4906D0C87 /* libPods-STATextFieldTests.a */,
			);
			name = Frameworks;
			sourceTree = "<group>";
		};
		930219F219F0F3670065B144 = {
			isa = PBXGroup;
			children = (
				93021A3719F0F8550065B144 /* STATextField */,
				93021A2419F0F7A50065B144 /* Sample */,
				93021A1719F0F3670065B144 /* STATextFieldTests */,
				930219FC19F0F3670065B144 /* Products */,
				B5AEFBC70A7CAFD777CB9F85 /* Pods */,
				39C257CD713E7FBC0BA7AAEE /* Frameworks */,
			);
			sourceTree = "<group>";
		};
		930219FC19F0F3670065B144 /* Products */ = {
			isa = PBXGroup;
			children = (
				930219FB19F0F3670065B144 /* STATextField.app */,
				93021A1419F0F3670065B144 /* STATextFieldTests.xctest */,
			);
			name = Products;
			sourceTree = "<group>";
		};
		93021A1719F0F3670065B144 /* STATextFieldTests */ = {
			isa = PBXGroup;
			children = (
				93021A1A19F0F3670065B144 /* STATextFieldTests.m */,
				93021A1819F0F3670065B144 /* Supporting Files */,
			);
			path = STATextFieldTests;
			sourceTree = "<group>";
		};
		93021A1819F0F3670065B144 /* Supporting Files */ = {
			isa = PBXGroup;
			children = (
				93021A1919F0F3670065B144 /* Info.plist */,
			);
			name = "Supporting Files";
			sourceTree = "<group>";
		};
		93021A2419F0F7A50065B144 /* Sample */ = {
			isa = PBXGroup;
			children = (
				93021A2519F0F7A50065B144 /* AppDelegate.h */,
				93021A2619F0F7A50065B144 /* AppDelegate.m */,
				93021A2719F0F7A50065B144 /* LaunchScreen.xib */,
				93021A2919F0F7A50065B144 /* Main.storyboard */,
				93021A2B19F0F7A50065B144 /* Images.xcassets */,
				93021A2C19F0F7A50065B144 /* Info.plist */,
				93021A2D19F0F7A50065B144 /* main.m */,
				93021A2E19F0F7A50065B144 /* ViewController.h */,
				93021A2F19F0F7A50065B144 /* ViewController.m */,
			);
			path = Sample;
			sourceTree = "<group>";
		};
		93021A3719F0F8550065B144 /* STATextField */ = {
			isa = PBXGroup;
			children = (
				93021A3819F0F8880065B144 /* STATextField.h */,
				93021A3919F0F8880065B144 /* STATextField.m */,
				93021A3B19F118EC0065B144 /* STATextField+PrivateHeaders.h */,
				93021A3C19F118EC0065B144 /* STATextField+PrivateHeaders.m */,
				93A9979119F4F6A700DB1678 /* STAATMTextField.h */,
				93A9979219F4F6A700DB1678 /* STAATMTextField.m */,
				9305C73419FA46C40040BF8A /* STATextFieldUtility.h */,
				9305C73519FA46C40040BF8A /* STATextFieldUtility.m */,
				9305C73719FA4D090040BF8A /* NSString+STATextField.h */,
				9305C73819FA4D090040BF8A /* NSString+STATextField.m */,
				93048CEB1A18AB9800DCE5DC /* STADateField.h */,
				93048CEC1A18AB9800DCE5DC /* STADateField.m */,
				93AF8E401A201CFF00D0C9C0 /* STATextView.h */,
				93AF8E411A201CFF00D0C9C0 /* STATextView.m */,
				93B72AD11A2217660007100A /* STATextViewBase.h */,
				93B72AD21A2217660007100A /* STATextViewBase.m */,
				93B72AD71A2218B50007100A /* STATextViewBase+PrivateHeaders.h */,
				93B72AD81A2218B50007100A /* STATextViewBase+PrivateHeaders.m */,
			);
			path = STATextField;
			sourceTree = "<group>";
		};
		B5AEFBC70A7CAFD777CB9F85 /* Pods */ = {
			isa = PBXGroup;
			children = (
				A5FAFFD39F9AD1892CBA12CB /* Pods.debug.xcconfig */,
				AF7678045F1F8459FB61CEEA /* Pods.release.xcconfig */,
				DD50B9A22117989EFB42065D /* Pods-STATextFieldTests.debug.xcconfig */,
				FC6432355D2E4CF2D56CB41E /* Pods-STATextFieldTests.release.xcconfig */,
			);
			name = Pods;
			sourceTree = "<group>";
		};
/* End PBXGroup section */

/* Begin PBXNativeTarget section */
		930219FA19F0F3670065B144 /* STATextField */ = {
			isa = PBXNativeTarget;
			buildConfigurationList = 93021A1E19F0F3670065B144 /* Build configuration list for PBXNativeTarget "STATextField" */;
			buildPhases = (
				930219F719F0F3670065B144 /* Sources */,
				930219F819F0F3670065B144 /* Frameworks */,
				930219F919F0F3670065B144 /* Resources */,
			);
			buildRules = (
			);
			dependencies = (
			);
			name = STATextField;
			productName = STATextField;
			productReference = 930219FB19F0F3670065B144 /* STATextField.app */;
			productType = "com.apple.product-type.application";
		};
		93021A1319F0F3670065B144 /* STATextFieldTests */ = {
			isa = PBXNativeTarget;
			buildConfigurationList = 93021A2119F0F3670065B144 /* Build configuration list for PBXNativeTarget "STATextFieldTests" */;
			buildPhases = (
				FDEA7BD910BA42B0E5ADFC07 /* Check Pods Manifest.lock */,
				93021A1019F0F3670065B144 /* Sources */,
				93021A1119F0F3670065B144 /* Frameworks */,
				93021A1219F0F3670065B144 /* Resources */,
				C85CC8A0FCEC809E076DD367 /* Copy Pods Resources */,
			);
			buildRules = (
			);
			dependencies = (
				93021A1619F0F3670065B144 /* PBXTargetDependency */,
			);
			name = STATextFieldTests;
			productName = STATextFieldTests;
			productReference = 93021A1419F0F3670065B144 /* STATextFieldTests.xctest */;
			productType = "com.apple.product-type.bundle.unit-test";
		};
/* End PBXNativeTarget section */

/* Begin PBXProject section */
		930219F319F0F3670065B144 /* Project object */ = {
			isa = PBXProject;
			attributes = {
				CLASSPREFIX = STA;
				LastUpgradeCheck = 0600;
				ORGANIZATIONNAME = "Aaron Jubbal";
				TargetAttributes = {
					930219FA19F0F3670065B144 = {
						CreatedOnToolsVersion = 6.0.1;
					};
					93021A1319F0F3670065B144 = {
						CreatedOnToolsVersion = 6.0.1;
						TestTargetID = 930219FA19F0F3670065B144;
					};
				};
			};
			buildConfigurationList = 930219F619F0F3670065B144 /* Build configuration list for PBXProject "STATextField" */;
			compatibilityVersion = "Xcode 3.2";
			developmentRegion = English;
			hasScannedForEncodings = 0;
			knownRegions = (
				en,
				Base,
			);
			mainGroup = 930219F219F0F3670065B144;
			productRefGroup = 930219FC19F0F3670065B144 /* Products */;
			projectDirPath = "";
			projectRoot = "";
			targets = (
				930219FA19F0F3670065B144 /* STATextField */,
				93021A1319F0F3670065B144 /* STATextFieldTests */,
			);
		};
/* End PBXProject section */

/* Begin PBXResourcesBuildPhase section */
		930219F919F0F3670065B144 /* Resources */ = {
			isa = PBXResourcesBuildPhase;
			buildActionMask = 2147483647;
			files = (
				93021A3419F0F7A50065B144 /* Info.plist in Resources */,
				93021A3319F0F7A50065B144 /* Images.xcassets in Resources */,
				93021A3119F0F7A50065B144 /* LaunchScreen.xib in Resources */,
				93021A3219F0F7A50065B144 /* Main.storyboard in Resources */,
			);
			runOnlyForDeploymentPostprocessing = 0;
		};
		93021A1219F0F3670065B144 /* Resources */ = {
			isa = PBXResourcesBuildPhase;
			buildActionMask = 2147483647;
			files = (
			);
			runOnlyForDeploymentPostprocessing = 0;
		};
/* End PBXResourcesBuildPhase section */

/* Begin PBXShellScriptBuildPhase section */
		C85CC8A0FCEC809E076DD367 /* Copy Pods Resources */ = {
			isa = PBXShellScriptBuildPhase;
			buildActionMask = 2147483647;
			files = (
			);
			inputPaths = (
			);
			name = "Copy Pods Resources";
			outputPaths = (
			);
			runOnlyForDeploymentPostprocessing = 0;
			shellPath = /bin/sh;
			shellScript = "\"${SRCROOT}/Pods/Target Support Files/Pods-STATextFieldTests/Pods-STATextFieldTests-resources.sh\"\n";
			showEnvVarsInLog = 0;
		};
		FDEA7BD910BA42B0E5ADFC07 /* Check Pods Manifest.lock */ = {
			isa = PBXShellScriptBuildPhase;
			buildActionMask = 2147483647;
			files = (
			);
			inputPaths = (
			);
			name = "Check Pods Manifest.lock";
			outputPaths = (
			);
			runOnlyForDeploymentPostprocessing = 0;
			shellPath = /bin/sh;
			shellScript = "diff \"${PODS_ROOT}/../Podfile.lock\" \"${PODS_ROOT}/Manifest.lock\" > /dev/null\nif [[ $? != 0 ]] ; then\n    cat << EOM\nerror: The sandbox is not in sync with the Podfile.lock. Run 'pod install' or update your CocoaPods installation.\nEOM\n    exit 1\nfi\n";
			showEnvVarsInLog = 0;
		};
/* End PBXShellScriptBuildPhase section */

/* Begin PBXSourcesBuildPhase section */
		930219F719F0F3670065B144 /* Sources */ = {
			isa = PBXSourcesBuildPhase;
			buildActionMask = 2147483647;
			files = (
				93021A3619F0F7A50065B144 /* ViewController.m in Sources */,
				93021A3519F0F7A50065B144 /* main.m in Sources */,
				9305C73619FA46C40040BF8A /* STATextFieldUtility.m in Sources */,
				93B72AD31A2217660007100A /* STATextViewBase.m in Sources */,
				93021A3A19F0F8880065B144 /* STATextField.m in Sources */,
				93B72AD91A2218B50007100A /* STATextViewBase+PrivateHeaders.m in Sources */,
				93AF8E421A201CFF00D0C9C0 /* STATextView.m in Sources */,
				93048CED1A18AB9800DCE5DC /* STADateField.m in Sources */,
				93021A3D19F118EC0065B144 /* STATextField+PrivateHeaders.m in Sources */,
				93021A3019F0F7A50065B144 /* AppDelegate.m in Sources */,
				9305C73919FA4D090040BF8A /* NSString+STATextField.m in Sources */,
				93A9979319F4F6A700DB1678 /* STAATMTextField.m in Sources */,
			);
			runOnlyForDeploymentPostprocessing = 0;
		};
		93021A1019F0F3670065B144 /* Sources */ = {
			isa = PBXSourcesBuildPhase;
			buildActionMask = 2147483647;
			files = (
				93021A1B19F0F3670065B144 /* STATextFieldTests.m in Sources */,
			);
			runOnlyForDeploymentPostprocessing = 0;
		};
/* End PBXSourcesBuildPhase section */

/* Begin PBXTargetDependency section */
		93021A1619F0F3670065B144 /* PBXTargetDependency */ = {
			isa = PBXTargetDependency;
			target = 930219FA19F0F3670065B144 /* STATextField */;
			targetProxy = 93021A1519F0F3670065B144 /* PBXContainerItemProxy */;
		};
/* End PBXTargetDependency section */

/* Begin PBXVariantGroup section */
		93021A2719F0F7A50065B144 /* LaunchScreen.xib */ = {
			isa = PBXVariantGroup;
			children = (
				93021A2819F0F7A50065B144 /* Base */,
			);
			name = LaunchScreen.xib;
			sourceTree = "<group>";
		};
		93021A2919F0F7A50065B144 /* Main.storyboard */ = {
			isa = PBXVariantGroup;
			children = (
				93021A2A19F0F7A50065B144 /* Base */,
			);
			name = Main.storyboard;
			sourceTree = "<group>";
		};
/* End PBXVariantGroup section */

/* Begin XCBuildConfiguration section */
		93021A1C19F0F3670065B144 /* Debug */ = {
			isa = XCBuildConfiguration;
			buildSettings = {
				ALWAYS_SEARCH_USER_PATHS = NO;
				CLANG_CXX_LANGUAGE_STANDARD = "gnu++0x";
				CLANG_CXX_LIBRARY = "libc++";
				CLANG_ENABLE_MODULES = YES;
				CLANG_ENABLE_OBJC_ARC = YES;
				CLANG_WARN_BOOL_CONVERSION = YES;
				CLANG_WARN_CONSTANT_CONVERSION = YES;
				CLANG_WARN_DIRECT_OBJC_ISA_USAGE = YES_ERROR;
				CLANG_WARN_EMPTY_BODY = YES;
				CLANG_WARN_ENUM_CONVERSION = YES;
				CLANG_WARN_INT_CONVERSION = YES;
				CLANG_WARN_OBJC_ROOT_CLASS = YES_ERROR;
				CLANG_WARN_UNREACHABLE_CODE = YES;
				CLANG_WARN__DUPLICATE_METHOD_MATCH = YES;
				"CODE_SIGN_IDENTITY[sdk=iphoneos*]" = "iPhone Developer";
				COPY_PHASE_STRIP = NO;
				ENABLE_STRICT_OBJC_MSGSEND = YES;
				GCC_C_LANGUAGE_STANDARD = gnu99;
				GCC_DYNAMIC_NO_PIC = NO;
				GCC_OPTIMIZATION_LEVEL = 0;
				GCC_PREPROCESSOR_DEFINITIONS = (
					"DEBUG=1",
					"$(inherited)",
				);
				GCC_SYMBOLS_PRIVATE_EXTERN = NO;
				GCC_WARN_64_TO_32_BIT_CONVERSION = YES;
				GCC_WARN_ABOUT_RETURN_TYPE = YES_ERROR;
				GCC_WARN_UNDECLARED_SELECTOR = YES;
				GCC_WARN_UNINITIALIZED_AUTOS = YES_AGGRESSIVE;
				GCC_WARN_UNUSED_FUNCTION = YES;
				GCC_WARN_UNUSED_VARIABLE = YES;
				IPHONEOS_DEPLOYMENT_TARGET = 8.0;
				MTL_ENABLE_DEBUG_INFO = YES;
				ONLY_ACTIVE_ARCH = YES;
				SDKROOT = iphoneos;
				TARGETED_DEVICE_FAMILY = "1,2";
			};
			name = Debug;
		};
		93021A1D19F0F3670065B144 /* Release */ = {
			isa = XCBuildConfiguration;
			buildSettings = {
				ALWAYS_SEARCH_USER_PATHS = NO;
				CLANG_CXX_LANGUAGE_STANDARD = "gnu++0x";
				CLANG_CXX_LIBRARY = "libc++";
				CLANG_ENABLE_MODULES = YES;
				CLANG_ENABLE_OBJC_ARC = YES;
				CLANG_WARN_BOOL_CONVERSION = YES;
				CLANG_WARN_CONSTANT_CONVERSION = YES;
				CLANG_WARN_DIRECT_OBJC_ISA_USAGE = YES_ERROR;
				CLANG_WARN_EMPTY_BODY = YES;
				CLANG_WARN_ENUM_CONVERSION = YES;
				CLANG_WARN_INT_CONVERSION = YES;
				CLANG_WARN_OBJC_ROOT_CLASS = YES_ERROR;
				CLANG_WARN_UNREACHABLE_CODE = YES;
				CLANG_WARN__DUPLICATE_METHOD_MATCH = YES;
				"CODE_SIGN_IDENTITY[sdk=iphoneos*]" = "iPhone Developer";
				COPY_PHASE_STRIP = YES;
				ENABLE_NS_ASSERTIONS = NO;
				ENABLE_STRICT_OBJC_MSGSEND = YES;
				GCC_C_LANGUAGE_STANDARD = gnu99;
				GCC_WARN_64_TO_32_BIT_CONVERSION = YES;
				GCC_WARN_ABOUT_RETURN_TYPE = YES_ERROR;
				GCC_WARN_UNDECLARED_SELECTOR = YES;
				GCC_WARN_UNINITIALIZED_AUTOS = YES_AGGRESSIVE;
				GCC_WARN_UNUSED_FUNCTION = YES;
				GCC_WARN_UNUSED_VARIABLE = YES;
				IPHONEOS_DEPLOYMENT_TARGET = 8.0;
				MTL_ENABLE_DEBUG_INFO = NO;
				SDKROOT = iphoneos;
				TARGETED_DEVICE_FAMILY = "1,2";
				VALIDATE_PRODUCT = YES;
			};
			name = Release;
		};
		93021A1F19F0F3670065B144 /* Debug */ = {
			isa = XCBuildConfiguration;
			baseConfigurationReference = A5FAFFD39F9AD1892CBA12CB /* Pods.debug.xcconfig */;
			buildSettings = {
				ASSETCATALOG_COMPILER_APPICON_NAME = AppIcon;
				INFOPLIST_FILE = Sample/Info.plist;
				IPHONEOS_DEPLOYMENT_TARGET = 6.0;
				LD_RUNPATH_SEARCH_PATHS = "$(inherited) @executable_path/Frameworks";
				PRODUCT_NAME = "$(TARGET_NAME)";
			};
			name = Debug;
		};
		93021A2019F0F3670065B144 /* Release */ = {
			isa = XCBuildConfiguration;
			baseConfigurationReference = AF7678045F1F8459FB61CEEA /* Pods.release.xcconfig */;
			buildSettings = {
				ASSETCATALOG_COMPILER_APPICON_NAME = AppIcon;
				INFOPLIST_FILE = Sample/Info.plist;
				IPHONEOS_DEPLOYMENT_TARGET = 6.0;
				LD_RUNPATH_SEARCH_PATHS = "$(inherited) @executable_path/Frameworks";
				PRODUCT_NAME = "$(TARGET_NAME)";
			};
			name = Release;
		};
		93021A2219F0F3670065B144 /* Debug */ = {
			isa = XCBuildConfiguration;
			baseConfigurationReference = DD50B9A22117989EFB42065D /* Pods-STATextFieldTests.debug.xcconfig */;
			buildSettings = {
				BUNDLE_LOADER = "$(BUILT_PRODUCTS_DIR)/STATextField.app/STATextField";
				FRAMEWORK_SEARCH_PATHS = (
					"$(SDKROOT)/Developer/Library/Frameworks",
					"$(inherited)",
				);
				GCC_PREPROCESSOR_DEFINITIONS = (
					"DEBUG=1",
					"$(inherited)",
				);
				INFOPLIST_FILE = STATextFieldTests/Info.plist;
				LD_RUNPATH_SEARCH_PATHS = "$(inherited) @executable_path/Frameworks @loader_path/Frameworks";
				PRODUCT_NAME = "$(TARGET_NAME)";
				TEST_HOST = "$(BUNDLE_LOADER)";
			};
			name = Debug;
		};
		93021A2319F0F3670065B144 /* Release */ = {
			isa = XCBuildConfiguration;
			baseConfigurationReference = FC6432355D2E4CF2D56CB41E /* Pods-STATextFieldTests.release.xcconfig */;
			buildSettings = {
				BUNDLE_LOADER = "$(BUILT_PRODUCTS_DIR)/STATextField.app/STATextField";
				FRAMEWORK_SEARCH_PATHS = (
					"$(SDKROOT)/Developer/Library/Frameworks",
					"$(inherited)",
				);
				INFOPLIST_FILE = STATextFieldTests/Info.plist;
				LD_RUNPATH_SEARCH_PATHS = "$(inherited) @executable_path/Frameworks @loader_path/Frameworks";
				PRODUCT_NAME = "$(TARGET_NAME)";
				TEST_HOST = "$(BUNDLE_LOADER)";
			};
			name = Release;
		};
/* End XCBuildConfiguration section */

/* Begin XCConfigurationList section */
		930219F619F0F3670065B144 /* Build configuration list for PBXProject "STATextField" */ = {
			isa = XCConfigurationList;
			buildConfigurations = (
				93021A1C19F0F3670065B144 /* Debug */,
				93021A1D19F0F3670065B144 /* Release */,
			);
			defaultConfigurationIsVisible = 0;
			defaultConfigurationName = Release;
		};
		93021A1E19F0F3670065B144 /* Build configuration list for PBXNativeTarget "STATextField" */ = {
			isa = XCConfigurationList;
			buildConfigurations = (
				93021A1F19F0F3670065B144 /* Debug */,
				93021A2019F0F3670065B144 /* Release */,
			);
			defaultConfigurationIsVisible = 0;
			defaultConfigurationName = Release;
		};
		93021A2119F0F3670065B144 /* Build configuration list for PBXNativeTarget "STATextFieldTests" */ = {
			isa = XCConfigurationList;
			buildConfigurations = (
				93021A2219F0F3670065B144 /* Debug */,
				93021A2319F0F3670065B144 /* Release */,
			);
			defaultConfigurationIsVisible = 0;
			defaultConfigurationName = Release;
		};
/* End XCConfigurationList section */
	};
	rootObject = 930219F319F0F3670065B144 /* Project object */;
}
